
Microsoft Visual Studio Solution File, Format Version 12.00
# Visual Studio 15
VisualStudioVersion = 15.0.28307.1022
MinimumVisualStudioVersion = 10.0.40219.1
Project("{8BC9CEB8-8B4A-11D0-8D11-00A0C91BC942}") = "work1", "ConsoleApplication1\ConsoleApplication1.vcxproj", "{482BB7E4-2EFF-4E43-92C9-D0D0F07780D0}"
EndProject
Project("{8BC9CEB8-8B4A-11D0-8D11-00A0C91BC942}") = "work2", "ConsoleApplication2\ConsoleApplication2.vcxproj", "{F0808AF8-3C57-47DC-992C-3429EFD29663}"
EndProject
Global
	GlobalSection(SolutionConfigurationPlatforms) = preSolution
		Debug|x64 = Debug|x64
		Debug|x86 = Debug|x86
		Release|x64 = Release|x64
		Release|x86 = Release|x86
	EndGlobalSection
	GlobalSection(ProjectConfigurationPlatforms) = postSolution
		{482BB7E4-2EFF-4E43-92C9-D0D0F07780D0}.Debug|x64.ActiveCfg = Debug|x64
		{482BB7E4-2EFF-4E43-92C9-D0D0F07780D0}.Debug|x64.Build.0 = Debug|x64
		{482BB7E4-2EFF-4E43-92C9-D0D0F07780D0}.Debug|x86.ActiveCfg = Debug|Win32
		{482BB7E4-2EFF-4E43-92C9-D0D0F07780D0}.Debug|x86.Build.0 = Debug|Win32
		{482BB7E4-2EFF-4E43-92C9-D0D0F07780D0}.Release|x64.ActiveCfg = Release|x64
		{482BB7E4-2EFF-4E43-92C9-D0D0F07780D0}.Release|x64.Build.0 = Release|x64
		{482BB7E4-2EFF-4E43-92C9-D0D0F07780D0}.Release|x86.ActiveCfg = Release|Win32
		{482BB7E4-2EFF-4E43-92C9-D0D0F07780D0}.Release|x86.Build.0 = Release|Win32
		{F0808AF8-3C57-47DC-992C-3429EFD29663}.Debug|x64.ActiveCfg = Debug|x64
		{F0808AF8-3C57-47DC-992C-3429EFD29663}.Debug|x64.Build.0 = Debug|x64
		{F0808AF8-3C57-47DC-992C-3429EFD29663}.Debug|x86.ActiveCfg = Debug|Win32
		{F0808AF8-3C57-47DC-992C-3429EFD29663}.Debug|x86.Build.0 = Debug|Win32
		{F0808AF8-3C57-47DC-992C-3429EFD29663}.Release|x64.ActiveCfg = Release|x64
		{F0808AF8-3C57-47DC-992C-3429EFD29663}.Release|x64.Build.0 = Release|x64
		{F0808AF8-3C57-47DC-992C-3429EFD29663}.Release|x86.ActiveCfg = Release|Win32
		{F0808AF8-3C57-47DC-992C-3429EFD29663}.Release|x86.Build.0 = Release|Win32
	EndGlobalSection
	GlobalSection(SolutionProperties) = preSolution
		HideSolutionNode = FALSE
	EndGlobalSection
	GlobalSection(ExtensibilityGlobals) = postSolution
		SolutionGuid = {7BFAC8F4-3659-4043-8C95-A64691C775B3}
	EndGlobalSection
EndGlobal
